
Microsoft Visual Studio Solution File, Format Version 12.00
# Visual Studio Version 16
VisualStudioVersion = 16.0.29411.108
MinimumVisualStudioVersion = 10.0.40219.1
Project("{FAE04EC0-301F-11D3-BF4B-00C04F79EFBC}") = "MaxSum", "MaxSum\MaxSum.csproj", "{3599FA71-3DFA-42BB-B29D-E656A29F3223}"
EndProject
Project("{FAE04EC0-301F-11D3-BF4B-00C04F79EFBC}") = "MaxSum.Tests", "MaxSum.Tests\MaxSum.Tests.csproj", "{87D34551-8AB6-4A2D-AACA-07605039183B}"
EndProject
Global
	GlobalSection(SolutionConfigurationPlatforms) = preSolution
		Debug|Any CPU = Debug|Any CPU
		Release|Any CPU = Release|Any CPU
	EndGlobalSection
	GlobalSection(ProjectConfigurationPlatforms) = postSolution
		{3599FA71-3DFA-42BB-B29D-E656A29F3223}.Debug|Any CPU.ActiveCfg = Debug|Any CPU
		{3599FA71-3DFA-42BB-B29D-E656A29F3223}.Debug|Any CPU.Build.0 = Debug|Any CPU
		{3599FA71-3DFA-42BB-B29D-E656A29F3223}.Release|Any CPU.ActiveCfg = Release|Any CPU
		{3599FA71-3DFA-42BB-B29D-E656A29F3223}.Release|Any CPU.Build.0 = Release|Any CPU
		{87D34551-8AB6-4A2D-AACA-07605039183B}.Debug|Any CPU.ActiveCfg = Debug|Any CPU
		{87D34551-8AB6-4A2D-AACA-07605039183B}.Debug|Any CPU.Build.0 = Debug|Any CPU
		{87D34551-8AB6-4A2D-AACA-07605039183B}.Release|Any CPU.ActiveCfg = Release|Any CPU
		{87D34551-8AB6-4A2D-AACA-07605039183B}.Release|Any CPU.Build.0 = Release|Any CPU
	EndGlobalSection
	GlobalSection(SolutionProperties) = preSolution
		HideSolutionNode = FALSE
	EndGlobalSection
	GlobalSection(ExtensibilityGlobals) = postSolution
		SolutionGuid = {10019148-B078-442B-8CB8-969CB35176B8}
	EndGlobalSection
EndGlobal
